PODS:
  - Beagle (1.9.0):
    - Beagle/Beagle (= 1.9.0)
  - Beagle/Beagle (1.9.0):
    - BeagleYogaKit
  - BeagleYoga (1.19.0)
  - BeagleYogaKit (1.19.0):
    - BeagleYoga (~> 1.19)

DEPENDENCIES:
  - Beagle

SPEC REPOS:
  trunk:
    - Beagle
    - BeagleYoga
    - BeagleYogaKit

SPEC CHECKSUMS:
  Beagle: 335531be0d7a49b98288f1f5ac02a963b04d5073
  BeagleYoga: 09c09f226e5bbabaea81e9b0c113676ad1c67fa3
  BeagleYogaKit: 8d17491b81f30f17f14ded3d057432f6bcce0f1e

PODFILE CHECKSUM: a00f1e5302ec50e8dd70034a2e612d136060fe64

COCOAPODS: 1.10.1
