PODS:
  - Beagle (1.6.1):
    - Beagle/Beagle (= 1.6.1)
  - Beagle/Beagle (1.6.1):
    - YogaKit
  - Yoga (1.14.0)
  - YogaKit (1.18.1):
    - Yoga (~> 1.14)

DEPENDENCIES:
  - Beagle
  - YogaKit (from `https://github.com/ZupIT/YogaKit`)

SPEC REPOS:
  trunk:
    - Beagle
    - Yoga

EXTERNAL SOURCES:
  YogaKit:
    :git: https://github.com/ZupIT/YogaKit

CHECKOUT OPTIONS:
  YogaKit:
    :commit: 939ed55b23a687b91a378acfd80ca9e47bf1c000
    :git: https://github.com/ZupIT/YogaKit

SPEC CHECKSUMS:
  Beagle: f596a6be0c6637b45848e1c66e9a32c02143c88d
  Yoga: cff67a400f6b74dc38eb0bad4f156673d9aa980c
  YogaKit: 3a733275fd1639b96a304f6f5c11421478371e6b

PODFILE CHECKSUM: 6adaabe90e6d30312999c6ea96177032db014fe9

COCOAPODS: 1.10.0
